// !$*UTF8*$!
{
	archiveVersion = 1;
	classes = {
	};
	objectVersion = 50;
	objects = {

/* Begin PBXBuildFile section */
		9BEA5E43250E7C3A000E1A45 /* AppDelegate.swift in Sources */ = {isa = PBXBuildFile; fileRef = 9BEA5E42250E7C3A000E1A45 /* AppDelegate.swift */; };
		9BEA5E45250E7C3A000E1A45 /* SceneDelegate.swift in Sources */ = {isa = PBXBuildFile; fileRef = 9BEA5E44250E7C3A000E1A45 /* SceneDelegate.swift */; };
		9BEA5E47250E7C3A000E1A45 /* ViewController.swift in Sources */ = {isa = PBXBuildFile; fileRef = 9BEA5E46250E7C3A000E1A45 /* ViewController.swift */; };
		9BEA5E4A250E7C3A000E1A45 /* Main.storyboard in Resources */ = {isa = PBXBuildFile; fileRef = 9BEA5E48250E7C3A000E1A45 /* Main.storyboard */; };
		9BEA5E4C250E7C3B000E1A45 /* Assets.xcassets in Resources */ = {isa = PBXBuildFile; fileRef = 9BEA5E4B250E7C3B000E1A45 /* Assets.xcassets */; };
		9BEA5E4F250E7C3B000E1A45 /* LaunchScreen.storyboard in Resources */ = {isa = PBXBuildFile; fileRef = 9BEA5E4D250E7C3B000E1A45 /* LaunchScreen.storyboard */; };
		9BEA5E57250E7D0B000E1A45 /* ImageViewController.swift in Sources */ = {isa = PBXBuildFile; fileRef = 9BEA5E56250E7D0B000E1A45 /* ImageViewController.swift */; };
		9BEA5E5A250E7D1E000E1A45 /* lamp_on.png in Resources */ = {isa = PBXBuildFile; fileRef = 9BEA5E58250E7D1E000E1A45 /* lamp_on.png */; };
		9BEA5E5B250E7D1E000E1A45 /* lamp_off.png in Resources */ = {isa = PBXBuildFile; fileRef = 9BEA5E59250E7D1E000E1A45 /* lamp_off.png */; };
		9BEA5E5F250E80CD000E1A45 /* DateViewController.swift in Sources */ = {isa = PBXBuildFile; fileRef = 9BEA5E5E250E80CD000E1A45 /* DateViewController.swift */; };
		9BEA5E61250E8333000E1A45 /* File.png in Resources */ = {isa = PBXBuildFile; fileRef = 9BEA5E60250E8333000E1A45 /* File.png */; };
/* End PBXBuildFile section */

/* Begin PBXFileReference section */
		9BEA5E3F250E7C3A000E1A45 /* TabBarControl.app */ = {isa = PBXFileReference; explicitFileType = wrapper.application; includeInIndex = 0; path = TabBarControl.app; sourceTree = BUILT_PRODUCTS_DIR; };
		9BEA5E42250E7C3A000E1A45 /* AppDelegate.swift */ = {isa = PBXFileReference; lastKnownFileType = sourcecode.swift; path = AppDelegate.swift; sourceTree = "<group>"; };
		9BEA5E44250E7C3A000E1A45 /* SceneDelegate.swift */ = {isa = PBXFileReference; lastKnownFileType = sourcecode.swift; path = SceneDelegate.swift; sourceTree = "<group>"; };
		9BEA5E46250E7C3A000E1A45 /* ViewController.swift */ = {isa = PBXFileReference; lastKnownFileType = sourcecode.swift; path = ViewController.swift; sourceTree = "<group>"; };
		9BEA5E49250E7C3A000E1A45 /* Base */ = {isa = PBXFileReference; lastKnownFileType = file.storyboard; name = Base; path = Base.lproj/Main.storyboard; sourceTree = "<group>"; };
		9BEA5E4B250E7C3B000E1A45 /* Assets.xcassets */ = {isa = PBXFileReference; lastKnownFileType = folder.assetcatalog; path = Assets.xcassets; sourceTree = "<group>"; };
		9BEA5E4E250E7C3B000E1A45 /* Base */ = {isa = PBXFileReference; lastKnownFileType = file.storyboard; name = Base; path = Base.lproj/LaunchScreen.storyboard; sourceTree = "<group>"; };
		9BEA5E50250E7C3B000E1A45 /* Info.plist */ = {isa = PBXFileReference; lastKnownFileType = text.plist.xml; path = Info.plist; sourceTree = "<group>"; };
		9BEA5E56250E7D0B000E1A45 /* ImageViewController.swift */ = {isa = PBXFileReference; lastKnownFileType = sourcecode.swift; path = ImageViewController.swift; sourceTree = "<group>"; };
		9BEA5E58250E7D1E000E1A45 /* lamp_on.png */ = {isa = PBXFileReference; lastKnownFileType = image.png; path = lamp_on.png; sourceTree = "<group>"; };
		9BEA5E59250E7D1E000E1A45 /* lamp_off.png */ = {isa = PBXFileReference; lastKnownFileType = image.png; path = lamp_off.png; sourceTree = "<group>"; };
		9BEA5E5E250E80CD000E1A45 /* DateViewController.swift */ = {isa = PBXFileReference; lastKnownFileType = sourcecode.swift; path = DateViewController.swift; sourceTree = "<group>"; };
		9BEA5E60250E8333000E1A45 /* File.png */ = {isa = PBXFileReference; lastKnownFileType = image.png; path = File.png; sourceTree = "<group>"; };
/* End PBXFileReference section */

/* Begin PBXFrameworksBuildPhase section */
		9BEA5E3C250E7C3A000E1A45 /* Frameworks */ = {
			isa = PBXFrameworksBuildPhase;
			buildActionMask = 2147483647;
			files = (
			);
			runOnlyForDeploymentPostprocessing = 0;
		};
/* End PBXFrameworksBuildPhase section */

/* Begin PBXGroup section */
		9BEA5E36250E7C3A000E1A45 = {
			isa = PBXGroup;
			children = (
				9BEA5E41250E7C3A000E1A45 /* TabBarControl */,
				9BEA5E40250E7C3A000E1A45 /* Products */,
			);
			sourceTree = "<group>";
		};
		9BEA5E40250E7C3A000E1A45 /* Products */ = {
			isa = PBXGroup;
			children = (
				9BEA5E3F250E7C3A000E1A45 /* TabBarControl.app */,
			);
			name = Products;
			sourceTree = "<group>";
		};
		9BEA5E41250E7C3A000E1A45 /* TabBarControl */ = {
			isa = PBXGroup;
			children = (
				9BEA5E60250E8333000E1A45 /* File.png */,
				9BEA5E59250E7D1E000E1A45 /* lamp_off.png */,
				9BEA5E58250E7D1E000E1A45 /* lamp_on.png */,
				9BEA5E42250E7C3A000E1A45 /* AppDelegate.swift */,
				9BEA5E44250E7C3A000E1A45 /* SceneDelegate.swift */,
				9BEA5E46250E7C3A000E1A45 /* ViewController.swift */,
				9BEA5E48250E7C3A000E1A45 /* Main.storyboard */,
				9BEA5E4B250E7C3B000E1A45 /* Assets.xcassets */,
				9BEA5E4D250E7C3B000E1A45 /* LaunchScreen.storyboard */,
				9BEA5E50250E7C3B000E1A45 /* Info.plist */,
				9BEA5E56250E7D0B000E1A45 /* ImageViewController.swift */,
				9BEA5E5E250E80CD000E1A45 /* DateViewController.swift */,
			);
			path = TabBarControl;
			sourceTree = "<group>";
		};
/* End PBXGroup section */

/* Begin PBXNativeTarget section */
		9BEA5E3E250E7C3A000E1A45 /* TabBarControl */ = {
			isa = PBXNativeTarget;
			buildConfigurationList = 9BEA5E53250E7C3B000E1A45 /* Build configuration list for PBXNativeTarget "TabBarControl" */;
			buildPhases = (
				9BEA5E3B250E7C3A000E1A45 /* Sources */,
				9BEA5E3C250E7C3A000E1A45 /* Frameworks */,
				9BEA5E3D250E7C3A000E1A45 /* Resources */,
			);
			buildRules = (
			);
			dependencies = (
			);
			name = TabBarControl;
			productName = TabBarControl;
			productReference = 9BEA5E3F250E7C3A000E1A45 /* TabBarControl.app */;
			productType = "com.apple.product-type.application";
		};
/* End PBXNativeTarget section */

/* Begin PBXProject section */
		9BEA5E37250E7C3A000E1A45 /* Project object */ = {
			isa = PBXProject;
			attributes = {
				LastSwiftUpdateCheck = 1170;
				LastUpgradeCheck = 1170;
				ORGANIZATIONNAME = lee;
				TargetAttributes = {
					9BEA5E3E250E7C3A000E1A45 = {
						CreatedOnToolsVersion = 11.7;
					};
				};
			};
			buildConfigurationList = 9BEA5E3A250E7C3A000E1A45 /* Build configuration list for PBXProject "TabBarControl" */;
			compatibilityVersion = "Xcode 9.3";
			developmentRegion = en;
			hasScannedForEncodings = 0;
			knownRegions = (
				en,
				Base,
			);
			mainGroup = 9BEA5E36250E7C3A000E1A45;
			productRefGroup = 9BEA5E40250E7C3A000E1A45 /* Products */;
			projectDirPath = "";
			projectRoot = "";
			targets = (
				9BEA5E3E250E7C3A000E1A45 /* TabBarControl */,
			);
		};
/* End PBXProject section */

/* Begin PBXResourcesBuildPhase section */
		9BEA5E3D250E7C3A000E1A45 /* Resources */ = {
			isa = PBXResourcesBuildPhase;
			buildActionMask = 2147483647;
			files = (
				9BEA5E5A250E7D1E000E1A45 /* lamp_on.png in Resources */,
				9BEA5E4F250E7C3B000E1A45 /* LaunchScreen.storyboard in Resources */,
				9BEA5E5B250E7D1E000E1A45 /* lamp_off.png in Resources */,
				9BEA5E61250E8333000E1A45 /* File.png in Resources */,
				9BEA5E4C250E7C3B000E1A45 /* Assets.xcassets in Resources */,
				9BEA5E4A250E7C3A000E1A45 /* Main.storyboard in Resources */,
			);
			runOnlyForDeploymentPostprocessing = 0;
		};
/* End PBXResourcesBuildPhase section */

/* Begin PBXSourcesBuildPhase section */
		9BEA5E3B250E7C3A000E1A45 /* Sources */ = {
			isa = PBXSourcesBuildPhase;
			buildActionMask = 2147483647;
			files = (
				9BEA5E5F250E80CD000E1A45 /* DateViewController.swift in Sources */,
				9BEA5E47250E7C3A000E1A45 /* ViewController.swift in Sources */,
				9BEA5E43250E7C3A000E1A45 /* AppDelegate.swift in Sources */,
				9BEA5E57250E7D0B000E1A45 /* ImageViewController.swift in Sources */,
				9BEA5E45250E7C3A000E1A45 /* SceneDelegate.swift in Sources */,
			);
			runOnlyForDeploymentPostprocessing = 0;
		};
/* End PBXSourcesBuildPhase section */

/* Begin PBXVariantGroup section */
		9BEA5E48250E7C3A000E1A45 /* Main.storyboard */ = {
			isa = PBXVariantGroup;
			children = (
				9BEA5E49250E7C3A000E1A45 /* Base */,
			);
			name = Main.storyboard;
			sourceTree = "<group>";
		};
		9BEA5E4D250E7C3B000E1A45 /* LaunchScreen.storyboard */ = {
			isa = PBXVariantGroup;
			children = (
				9BEA5E4E250E7C3B000E1A45 /* Base */,
			);
			name = LaunchScreen.storyboard;
			sourceTree = "<group>";
		};
/* End PBXVariantGroup section */

/* Begin XCBuildConfiguration section */
		9BEA5E51250E7C3B000E1A45 /* Debug */ = {
			isa = XCBuildConfiguration;
			buildSettings = {
				ALWAYS_SEARCH_USER_PATHS = NO;
				CLANG_ANALYZER_NONNULL = YES;
				CLANG_ANALYZER_NUMBER_OBJECT_CONVERSION = YES_AGGRESSIVE;
				CLANG_CXX_LANGUAGE_STANDARD = "gnu++14";
				CLANG_CXX_LIBRARY = "libc++";
				CLANG_ENABLE_MODULES = YES;
				CLANG_ENABLE_OBJC_ARC = YES;
				CLANG_ENABLE_OBJC_WEAK = YES;
				CLANG_WARN_BLOCK_CAPTURE_AUTORELEASING = YES;
				CLANG_WARN_BOOL_CONVERSION = YES;
				CLANG_WARN_COMMA = YES;
				CLANG_WARN_CONSTANT_CONVERSION = YES;
				CLANG_WARN_DEPRECATED_OBJC_IMPLEMENTATIONS = YES;
				CLANG_WARN_DIRECT_OBJC_ISA_USAGE = YES_ERROR;
				CLANG_WARN_DOCUMENTATION_COMMENTS = YES;
				CLANG_WARN_EMPTY_BODY = YES;
				CLANG_WARN_ENUM_CONVERSION = YES;
				CLANG_WARN_INFINITE_RECURSION = YES;
				CLANG_WARN_INT_CONVERSION = YES;
				CLANG_WARN_NON_LITERAL_NULL_CONVERSION = YES;
				CLANG_WARN_OBJC_IMPLICIT_RETAIN_SELF = YES;
				CLANG_WARN_OBJC_LITERAL_CONVERSION = YES;
				CLANG_WARN_OBJC_ROOT_CLASS = YES_ERROR;
				CLANG_WARN_RANGE_LOOP_ANALYSIS = YES;
				CLANG_WARN_STRICT_PROTOTYPES = YES;
				CLANG_WARN_SUSPICIOUS_MOVE = YES;
				CLANG_WARN_UNGUARDED_AVAILABILITY = YES_AGGRESSIVE;
				CLANG_WARN_UNREACHABLE_CODE = YES;
				CLANG_WARN__DUPLICATE_METHOD_MATCH = YES;
				COPY_PHASE_STRIP = NO;
				DEBUG_INFORMATION_FORMAT = dwarf;
				ENABLE_STRICT_OBJC_MSGSEND = YES;
				ENABLE_TESTABILITY = YES;
				GCC_C_LANGUAGE_STANDARD = gnu11;
				GCC_DYNAMIC_NO_PIC = NO;
				GCC_NO_COMMON_BLOCKS = YES;
				GCC_OPTIMIZATION_LEVEL = 0;
				GCC_PREPROCESSOR_DEFINITIONS = (
					"DEBUG=1",
					"$(inherited)",
				);
				GCC_WARN_64_TO_32_BIT_CONVERSION = YES;
				GCC_WARN_ABOUT_RETURN_TYPE = YES_ERROR;
				GCC_WARN_UNDECLARED_SELECTOR = YES;
				GCC_WARN_UNINITIALIZED_AUTOS = YES_AGGRESSIVE;
				GCC_WARN_UNUSED_FUNCTION = YES;
				GCC_WARN_UNUSED_VARIABLE = YES;
				IPHONEOS_DEPLOYMENT_TARGET = 13.7;
				MTL_ENABLE_DEBUG_INFO = INCLUDE_SOURCE;
				MTL_FAST_MATH = YES;
				ONLY_ACTIVE_ARCH = YES;
				SDKROOT = iphoneos;
				SWIFT_ACTIVE_COMPILATION_CONDITIONS = DEBUG;
				SWIFT_OPTIMIZATION_LEVEL = "-Onone";
			};
			name = Debug;
		};
		9BEA5E52250E7C3B000E1A45 /* Release */ = {
			isa = XCBuildConfiguration;
			buildSettings = {
				ALWAYS_SEARCH_USER_PATHS = NO;
				CLANG_ANALYZER_NONNULL = YES;
				CLANG_ANALYZER_NUMBER_OBJECT_CONVERSION = YES_AGGRESSIVE;
				CLANG_CXX_LANGUAGE_STANDARD = "gnu++14";
				CLANG_CXX_LIBRARY = "libc++";
				CLANG_ENABLE_MODULES = YES;
				CLANG_ENABLE_OBJC_ARC = YES;
				CLANG_ENABLE_OBJC_WEAK = YES;
				CLANG_WARN_BLOCK_CAPTURE_AUTORELEASING = YES;
				CLANG_WARN_BOOL_CONVERSION = YES;
				CLANG_WARN_COMMA = YES;
				CLANG_WARN_CONSTANT_CONVERSION = YES;
				CLANG_WARN_DEPRECATED_OBJC_IMPLEMENTATIONS = YES;
				CLANG_WARN_DIRECT_OBJC_ISA_USAGE = YES_ERROR;
				CLANG_WARN_DOCUMENTATION_COMMENTS = YES;
				CLANG_WARN_EMPTY_BODY = YES;
				CLANG_WARN_ENUM_CONVERSION = YES;
				CLANG_WARN_INFINITE_RECURSION = YES;
				CLANG_WARN_INT_CONVERSION = YES;
				CLANG_WARN_NON_LITERAL_NULL_CONVERSION = YES;
				CLANG_WARN_OBJC_IMPLICIT_RETAIN_SELF = YES;
				CLANG_WARN_OBJC_LITERAL_CONVERSION = YES;
				CLANG_WARN_OBJC_ROOT_CLASS = YES_ERROR;
				CLANG_WARN_RANGE_LOOP_ANALYSIS = YES;
				CLANG_WARN_STRICT_PROTOTYPES = YES;
				CLANG_WARN_SUSPICIOUS_MOVE = YES;
				CLANG_WARN_UNGUARDED_AVAILABILITY = YES_AGGRESSIVE;
				CLANG_WARN_UNREACHABLE_CODE = YES;
				CLANG_WARN__DUPLICATE_METHOD_MATCH = YES;
				COPY_PHASE_STRIP = NO;
				DEBUG_INFORMATION_FORMAT = "dwarf-with-dsym";
				ENABLE_NS_ASSERTIONS = NO;
				ENABLE_STRICT_OBJC_MSGSEND = YES;
				GCC_C_LANGUAGE_STANDARD = gnu11;
				GCC_NO_COMMON_BLOCKS = YES;
				GCC_WARN_64_TO_32_BIT_CONVERSION = YES;
				GCC_WARN_ABOUT_RETURN_TYPE = YES_ERROR;
				GCC_WARN_UNDECLARED_SELECTOR = YES;
				GCC_WARN_UNINITIALIZED_AUTOS = YES_AGGRESSIVE;
				GCC_WARN_UNUSED_FUNCTION = YES;
				GCC_WARN_UNUSED_VARIABLE = YES;
				IPHONEOS_DEPLOYMENT_TARGET = 13.7;
				MTL_ENABLE_DEBUG_INFO = NO;
				MTL_FAST_MATH = YES;
				SDKROOT = iphoneos;
				SWIFT_COMPILATION_MODE = wholemodule;
				SWIFT_OPTIMIZATION_LEVEL = "-O";
				VALIDATE_PRODUCT = YES;
			};
			name = Release;
		};
		9BEA5E54250E7C3B000E1A45 /* Debug */ = {
			isa = XCBuildConfiguration;
			buildSettings = {
				ASSETCATALOG_COMPILER_APPICON_NAME = AppIcon;
				CODE_SIGN_STYLE = Automatic;
				INFOPLIST_FILE = TabBarControl/Info.plist;
				LD_RUNPATH_SEARCH_PATHS = (
					"$(inherited)",
					"@executable_path/Frameworks",
				);
				PRODUCT_BUNDLE_IDENTIFIER = io.github.jesterz91.TabBarControl;
				PRODUCT_NAME = "$(TARGET_NAME)";
				SWIFT_VERSION = 5.0;
				TARGETED_DEVICE_FAMILY = 1;
			};
			name = Debug;
		};
		9BEA5E55250E7C3B000E1A45 /* Release */ = {
			isa = XCBuildConfiguration;
			buildSettings = {
				ASSETCATALOG_COMPILER_APPICON_NAME = AppIcon;
				CODE_SIGN_STYLE = Automatic;
				INFOPLIST_FILE = TabBarControl/Info.plist;
				LD_RUNPATH_SEARCH_PATHS = (
					"$(inherited)",
					"@executable_path/Frameworks",
				);
				PRODUCT_BUNDLE_IDENTIFIER = io.github.jesterz91.TabBarControl;
				PRODUCT_NAME = "$(TARGET_NAME)";
				SWIFT_VERSION = 5.0;
				TARGETED_DEVICE_FAMILY = 1;
			};
			name = Release;
		};
/* End XCBuildConfiguration section */

/* Begin XCConfigurationList section */
		9BEA5E3A250E7C3A000E1A45 /* Build configuration list for PBXProject "TabBarControl" */ = {
			isa = XCConfigurationList;
			buildConfigurations = (
				9BEA5E51250E7C3B000E1A45 /* Debug */,
				9BEA5E52250E7C3B000E1A45 /* Release */,
			);
			defaultConfigurationIsVisible = 0;
			defaultConfigurationName = Release;
		};
		9BEA5E53250E7C3B000E1A45 /* Build configuration list for PBXNativeTarget "TabBarControl" */ = {
			isa = XCConfigurationList;
			buildConfigurations = (
				9BEA5E54250E7C3B000E1A45 /* Debug */,
				9BEA5E55250E7C3B000E1A45 /* Release */,
			);
			defaultConfigurationIsVisible = 0;
			defaultConfigurationName = Release;
		};
/* End XCConfigurationList section */
	};
	rootObject = 9BEA5E37250E7C3A000E1A45 /* Project object */;
}
