// !$*UTF8*$!
{
	archiveVersion = 1;
	classes = {
	};
	objectVersion = 50;
	objects = {

/* Begin PBXBuildFile section */
		9B17AF57258126EC002DDB0E /* DetailViewController.swift in Sources */ = {isa = PBXBuildFile; fileRef = 9B17AF56258126EC002DDB0E /* DetailViewController.swift */; };
		9B58642125A1DB6300B82531 /* TheaterCell.swift in Sources */ = {isa = PBXBuildFile; fileRef = 9B58642025A1DB6300B82531 /* TheaterCell.swift */; };
		9B58642425A1DCDC00B82531 /* TheaterListController.swift in Sources */ = {isa = PBXBuildFile; fileRef = 9B58642325A1DCDC00B82531 /* TheaterListController.swift */; };
		9B58642825A1EC9C00B82531 /* MapKit.framework in Frameworks */ = {isa = PBXBuildFile; fileRef = 9B58642725A1EC9C00B82531 /* MapKit.framework */; };
		9B58642A25A1ED0A00B82531 /* TheaterViewController.swift in Sources */ = {isa = PBXBuildFile; fileRef = 9B58642925A1ED0A00B82531 /* TheaterViewController.swift */; };
		9BC33077257CD463005278FD /* AppDelegate.swift in Sources */ = {isa = PBXBuildFile; fileRef = 9BC33076257CD463005278FD /* AppDelegate.swift */; };
		9BC33079257CD463005278FD /* SceneDelegate.swift in Sources */ = {isa = PBXBuildFile; fileRef = 9BC33078257CD463005278FD /* SceneDelegate.swift */; };
		9BC3307E257CD463005278FD /* Main.storyboard in Resources */ = {isa = PBXBuildFile; fileRef = 9BC3307C257CD463005278FD /* Main.storyboard */; };
		9BC33080257CD466005278FD /* Assets.xcassets in Resources */ = {isa = PBXBuildFile; fileRef = 9BC3307F257CD466005278FD /* Assets.xcassets */; };
		9BC33083257CD466005278FD /* LaunchScreen.storyboard in Resources */ = {isa = PBXBuildFile; fileRef = 9BC33081257CD466005278FD /* LaunchScreen.storyboard */; };
		9BC3308D257CD7D4005278FD /* ListViewController.swift in Sources */ = {isa = PBXBuildFile; fileRef = 9BC3308C257CD7D4005278FD /* ListViewController.swift */; };
		9BC33090257CDB23005278FD /* GithubRepoVO.swift in Sources */ = {isa = PBXBuildFile; fileRef = 9BC3308F257CDB23005278FD /* GithubRepoVO.swift */; };
		9BC33093257D157B005278FD /* RepoCell.swift in Sources */ = {isa = PBXBuildFile; fileRef = 9BC33092257D157A005278FD /* RepoCell.swift */; };
/* End PBXBuildFile section */

/* Begin PBXFileReference section */
		9B17AF56258126EC002DDB0E /* DetailViewController.swift */ = {isa = PBXFileReference; lastKnownFileType = sourcecode.swift; path = DetailViewController.swift; sourceTree = "<group>"; };
		9B58642025A1DB6300B82531 /* TheaterCell.swift */ = {isa = PBXFileReference; lastKnownFileType = sourcecode.swift; path = TheaterCell.swift; sourceTree = "<group>"; };
		9B58642325A1DCDC00B82531 /* TheaterListController.swift */ = {isa = PBXFileReference; lastKnownFileType = sourcecode.swift; path = TheaterListController.swift; sourceTree = "<group>"; };
		9B58642725A1EC9C00B82531 /* MapKit.framework */ = {isa = PBXFileReference; lastKnownFileType = wrapper.framework; name = MapKit.framework; path = System/Library/Frameworks/MapKit.framework; sourceTree = SDKROOT; };
		9B58642925A1ED0A00B82531 /* TheaterViewController.swift */ = {isa = PBXFileReference; lastKnownFileType = sourcecode.swift; path = TheaterViewController.swift; sourceTree = "<group>"; };
		9BC33073257CD463005278FD /* MovieChart.app */ = {isa = PBXFileReference; explicitFileType = wrapper.application; includeInIndex = 0; path = MovieChart.app; sourceTree = BUILT_PRODUCTS_DIR; };
		9BC33076257CD463005278FD /* AppDelegate.swift */ = {isa = PBXFileReference; lastKnownFileType = sourcecode.swift; path = AppDelegate.swift; sourceTree = "<group>"; };
		9BC33078257CD463005278FD /* SceneDelegate.swift */ = {isa = PBXFileReference; lastKnownFileType = sourcecode.swift; path = SceneDelegate.swift; sourceTree = "<group>"; };
		9BC3307D257CD463005278FD /* Base */ = {isa = PBXFileReference; lastKnownFileType = file.storyboard; name = Base; path = Base.lproj/Main.storyboard; sourceTree = "<group>"; };
		9BC3307F257CD466005278FD /* Assets.xcassets */ = {isa = PBXFileReference; lastKnownFileType = folder.assetcatalog; path = Assets.xcassets; sourceTree = "<group>"; };
		9BC33082257CD466005278FD /* Base */ = {isa = PBXFileReference; lastKnownFileType = file.storyboard; name = Base; path = Base.lproj/LaunchScreen.storyboard; sourceTree = "<group>"; };
		9BC33084257CD466005278FD /* Info.plist */ = {isa = PBXFileReference; lastKnownFileType = text.plist.xml; path = Info.plist; sourceTree = "<group>"; };
		9BC3308C257CD7D4005278FD /* ListViewController.swift */ = {isa = PBXFileReference; lastKnownFileType = sourcecode.swift; path = ListViewController.swift; sourceTree = "<group>"; };
		9BC3308F257CDB23005278FD /* GithubRepoVO.swift */ = {isa = PBXFileReference; lastKnownFileType = sourcecode.swift; path = GithubRepoVO.swift; sourceTree = "<group>"; };
		9BC33092257D157A005278FD /* RepoCell.swift */ = {isa = PBXFileReference; lastKnownFileType = sourcecode.swift; path = RepoCell.swift; sourceTree = "<group>"; };
/* End PBXFileReference section */

/* Begin PBXFrameworksBuildPhase section */
		9BC33070257CD463005278FD /* Frameworks */ = {
			isa = PBXFrameworksBuildPhase;
			buildActionMask = 2147483647;
			files = (
				9B58642825A1EC9C00B82531 /* MapKit.framework in Frameworks */,
			);
			runOnlyForDeploymentPostprocessing = 0;
		};
/* End PBXFrameworksBuildPhase section */

/* Begin PBXGroup section */
		9B58642625A1EC9B00B82531 /* Frameworks */ = {
			isa = PBXGroup;
			children = (
				9B58642725A1EC9C00B82531 /* MapKit.framework */,
			);
			name = Frameworks;
			sourceTree = "<group>";
		};
		9BC3306A257CD463005278FD = {
			isa = PBXGroup;
			children = (
				9BC33075257CD463005278FD /* MovieChart */,
				9BC33074257CD463005278FD /* Products */,
				9B58642625A1EC9B00B82531 /* Frameworks */,
			);
			sourceTree = "<group>";
		};
		9BC33074257CD463005278FD /* Products */ = {
			isa = PBXGroup;
			children = (
				9BC33073257CD463005278FD /* MovieChart.app */,
			);
			name = Products;
			sourceTree = "<group>";
		};
		9BC33075257CD463005278FD /* MovieChart */ = {
			isa = PBXGroup;
			children = (
				9BC33076257CD463005278FD /* AppDelegate.swift */,
				9BC33078257CD463005278FD /* SceneDelegate.swift */,
				9BC3307C257CD463005278FD /* Main.storyboard */,
				9B58642025A1DB6300B82531 /* TheaterCell.swift */,
				9B17AF56258126EC002DDB0E /* DetailViewController.swift */,
				9BC33092257D157A005278FD /* RepoCell.swift */,
				9BC3308F257CDB23005278FD /* GithubRepoVO.swift */,
				9BC3308C257CD7D4005278FD /* ListViewController.swift */,
				9BC3307F257CD466005278FD /* Assets.xcassets */,
				9BC33081257CD466005278FD /* LaunchScreen.storyboard */,
				9BC33084257CD466005278FD /* Info.plist */,
				9B58642325A1DCDC00B82531 /* TheaterListController.swift */,
				9B58642925A1ED0A00B82531 /* TheaterViewController.swift */,
			);
			path = MovieChart;
			sourceTree = "<group>";
		};
/* End PBXGroup section */

/* Begin PBXNativeTarget section */
		9BC33072257CD463005278FD /* MovieChart */ = {
			isa = PBXNativeTarget;
			buildConfigurationList = 9BC33087257CD466005278FD /* Build configuration list for PBXNativeTarget "MovieChart" */;
			buildPhases = (
				9BC3306F257CD463005278FD /* Sources */,
				9BC33070257CD463005278FD /* Frameworks */,
				9BC33071257CD463005278FD /* Resources */,
			);
			buildRules = (
			);
			dependencies = (
			);
			name = MovieChart;
			productName = MovieChart;
			productReference = 9BC33073257CD463005278FD /* MovieChart.app */;
			productType = "com.apple.product-type.application";
		};
/* End PBXNativeTarget section */

/* Begin PBXProject section */
		9BC3306B257CD463005278FD /* Project object */ = {
			isa = PBXProject;
			attributes = {
				LastSwiftUpdateCheck = 1220;
				LastUpgradeCheck = 1220;
				TargetAttributes = {
					9BC33072257CD463005278FD = {
						CreatedOnToolsVersion = 12.2;
					};
				};
			};
			buildConfigurationList = 9BC3306E257CD463005278FD /* Build configuration list for PBXProject "MovieChart" */;
			compatibilityVersion = "Xcode 9.3";
			developmentRegion = en;
			hasScannedForEncodings = 0;
			knownRegions = (
				en,
				Base,
			);
			mainGroup = 9BC3306A257CD463005278FD;
			productRefGroup = 9BC33074257CD463005278FD /* Products */;
			projectDirPath = "";
			projectRoot = "";
			targets = (
				9BC33072257CD463005278FD /* MovieChart */,
			);
		};
/* End PBXProject section */

/* Begin PBXResourcesBuildPhase section */
		9BC33071257CD463005278FD /* Resources */ = {
			isa = PBXResourcesBuildPhase;
			buildActionMask = 2147483647;
			files = (
				9BC33083257CD466005278FD /* LaunchScreen.storyboard in Resources */,
				9BC33080257CD466005278FD /* Assets.xcassets in Resources */,
				9BC3307E257CD463005278FD /* Main.storyboard in Resources */,
			);
			runOnlyForDeploymentPostprocessing = 0;
		};
/* End PBXResourcesBuildPhase section */

/* Begin PBXSourcesBuildPhase section */
		9BC3306F257CD463005278FD /* Sources */ = {
			isa = PBXSourcesBuildPhase;
			buildActionMask = 2147483647;
			files = (
				9BC33077257CD463005278FD /* AppDelegate.swift in Sources */,
				9B58642125A1DB6300B82531 /* TheaterCell.swift in Sources */,
				9BC33093257D157B005278FD /* RepoCell.swift in Sources */,
				9B58642425A1DCDC00B82531 /* TheaterListController.swift in Sources */,
				9BC3308D257CD7D4005278FD /* ListViewController.swift in Sources */,
				9B17AF57258126EC002DDB0E /* DetailViewController.swift in Sources */,
				9B58642A25A1ED0A00B82531 /* TheaterViewController.swift in Sources */,
				9BC33079257CD463005278FD /* SceneDelegate.swift in Sources */,
				9BC33090257CDB23005278FD /* GithubRepoVO.swift in Sources */,
			);
			runOnlyForDeploymentPostprocessing = 0;
		};
/* End PBXSourcesBuildPhase section */

/* Begin PBXVariantGroup section */
		9BC3307C257CD463005278FD /* Main.storyboard */ = {
			isa = PBXVariantGroup;
			children = (
				9BC3307D257CD463005278FD /* Base */,
			);
			name = Main.storyboard;
			sourceTree = "<group>";
		};
		9BC33081257CD466005278FD /* LaunchScreen.storyboard */ = {
			isa = PBXVariantGroup;
			children = (
				9BC33082257CD466005278FD /* Base */,
			);
			name = LaunchScreen.storyboard;
			sourceTree = "<group>";
		};
/* End PBXVariantGroup section */

/* Begin XCBuildConfiguration section */
		9BC33085257CD466005278FD /* Debug */ = {
			isa = XCBuildConfiguration;
			buildSettings = {
				ALWAYS_SEARCH_USER_PATHS = NO;
				CLANG_ANALYZER_NONNULL = YES;
				CLANG_ANALYZER_NUMBER_OBJECT_CONVERSION = YES_AGGRESSIVE;
				CLANG_CXX_LANGUAGE_STANDARD = "gnu++14";
				CLANG_CXX_LIBRARY = "libc++";
				CLANG_ENABLE_MODULES = YES;
				CLANG_ENABLE_OBJC_ARC = YES;
				CLANG_ENABLE_OBJC_WEAK = YES;
				CLANG_WARN_BLOCK_CAPTURE_AUTORELEASING = YES;
				CLANG_WARN_BOOL_CONVERSION = YES;
				CLANG_WARN_COMMA = YES;
				CLANG_WARN_CONSTANT_CONVERSION = YES;
				CLANG_WARN_DEPRECATED_OBJC_IMPLEMENTATIONS = YES;
				CLANG_WARN_DIRECT_OBJC_ISA_USAGE = YES_ERROR;
				CLANG_WARN_DOCUMENTATION_COMMENTS = YES;
				CLANG_WARN_EMPTY_BODY = YES;
				CLANG_WARN_ENUM_CONVERSION = YES;
				CLANG_WARN_INFINITE_RECURSION = YES;
				CLANG_WARN_INT_CONVERSION = YES;
				CLANG_WARN_NON_LITERAL_NULL_CONVERSION = YES;
				CLANG_WARN_OBJC_IMPLICIT_RETAIN_SELF = YES;
				CLANG_WARN_OBJC_LITERAL_CONVERSION = YES;
				CLANG_WARN_OBJC_ROOT_CLASS = YES_ERROR;
				CLANG_WARN_QUOTED_INCLUDE_IN_FRAMEWORK_HEADER = YES;
				CLANG_WARN_RANGE_LOOP_ANALYSIS = YES;
				CLANG_WARN_STRICT_PROTOTYPES = YES;
				CLANG_WARN_SUSPICIOUS_MOVE = YES;
				CLANG_WARN_UNGUARDED_AVAILABILITY = YES_AGGRESSIVE;
				CLANG_WARN_UNREACHABLE_CODE = YES;
				CLANG_WARN__DUPLICATE_METHOD_MATCH = YES;
				COPY_PHASE_STRIP = NO;
				DEBUG_INFORMATION_FORMAT = dwarf;
				ENABLE_STRICT_OBJC_MSGSEND = YES;
				ENABLE_TESTABILITY = YES;
				GCC_C_LANGUAGE_STANDARD = gnu11;
				GCC_DYNAMIC_NO_PIC = NO;
				GCC_NO_COMMON_BLOCKS = YES;
				GCC_OPTIMIZATION_LEVEL = 0;
				GCC_PREPROCESSOR_DEFINITIONS = (
					"DEBUG=1",
					"$(inherited)",
				);
				GCC_WARN_64_TO_32_BIT_CONVERSION = YES;
				GCC_WARN_ABOUT_RETURN_TYPE = YES_ERROR;
				GCC_WARN_UNDECLARED_SELECTOR = YES;
				GCC_WARN_UNINITIALIZED_AUTOS = YES_AGGRESSIVE;
				GCC_WARN_UNUSED_FUNCTION = YES;
				GCC_WARN_UNUSED_VARIABLE = YES;
				IPHONEOS_DEPLOYMENT_TARGET = 14.2;
				MTL_ENABLE_DEBUG_INFO = INCLUDE_SOURCE;
				MTL_FAST_MATH = YES;
				ONLY_ACTIVE_ARCH = YES;
				SDKROOT = iphoneos;
				SWIFT_ACTIVE_COMPILATION_CONDITIONS = DEBUG;
				SWIFT_OPTIMIZATION_LEVEL = "-Onone";
			};
			name = Debug;
		};
		9BC33086257CD466005278FD /* Release */ = {
			isa = XCBuildConfiguration;
			buildSettings = {
				ALWAYS_SEARCH_USER_PATHS = NO;
				CLANG_ANALYZER_NONNULL = YES;
				CLANG_ANALYZER_NUMBER_OBJECT_CONVERSION = YES_AGGRESSIVE;
				CLANG_CXX_LANGUAGE_STANDARD = "gnu++14";
				CLANG_CXX_LIBRARY = "libc++";
				CLANG_ENABLE_MODULES = YES;
				CLANG_ENABLE_OBJC_ARC = YES;
				CLANG_ENABLE_OBJC_WEAK = YES;
				CLANG_WARN_BLOCK_CAPTURE_AUTORELEASING = YES;
				CLANG_WARN_BOOL_CONVERSION = YES;
				CLANG_WARN_COMMA = YES;
				CLANG_WARN_CONSTANT_CONVERSION = YES;
				CLANG_WARN_DEPRECATED_OBJC_IMPLEMENTATIONS = YES;
				CLANG_WARN_DIRECT_OBJC_ISA_USAGE = YES_ERROR;
				CLANG_WARN_DOCUMENTATION_COMMENTS = YES;
				CLANG_WARN_EMPTY_BODY = YES;
				CLANG_WARN_ENUM_CONVERSION = YES;
				CLANG_WARN_INFINITE_RECURSION = YES;
				CLANG_WARN_INT_CONVERSION = YES;
				CLANG_WARN_NON_LITERAL_NULL_CONVERSION = YES;
				CLANG_WARN_OBJC_IMPLICIT_RETAIN_SELF = YES;
				CLANG_WARN_OBJC_LITERAL_CONVERSION = YES;
				CLANG_WARN_OBJC_ROOT_CLASS = YES_ERROR;
				CLANG_WARN_QUOTED_INCLUDE_IN_FRAMEWORK_HEADER = YES;
				CLANG_WARN_RANGE_LOOP_ANALYSIS = YES;
				CLANG_WARN_STRICT_PROTOTYPES = YES;
				CLANG_WARN_SUSPICIOUS_MOVE = YES;
				CLANG_WARN_UNGUARDED_AVAILABILITY = YES_AGGRESSIVE;
				CLANG_WARN_UNREACHABLE_CODE = YES;
				CLANG_WARN__DUPLICATE_METHOD_MATCH = YES;
				COPY_PHASE_STRIP = NO;
				DEBUG_INFORMATION_FORMAT = "dwarf-with-dsym";
				ENABLE_NS_ASSERTIONS = NO;
				ENABLE_STRICT_OBJC_MSGSEND = YES;
				GCC_C_LANGUAGE_STANDARD = gnu11;
				GCC_NO_COMMON_BLOCKS = YES;
				GCC_WARN_64_TO_32_BIT_CONVERSION = YES;
				GCC_WARN_ABOUT_RETURN_TYPE = YES_ERROR;
				GCC_WARN_UNDECLARED_SELECTOR = YES;
				GCC_WARN_UNINITIALIZED_AUTOS = YES_AGGRESSIVE;
				GCC_WARN_UNUSED_FUNCTION = YES;
				GCC_WARN_UNUSED_VARIABLE = YES;
				IPHONEOS_DEPLOYMENT_TARGET = 14.2;
				MTL_ENABLE_DEBUG_INFO = NO;
				MTL_FAST_MATH = YES;
				SDKROOT = iphoneos;
				SWIFT_COMPILATION_MODE = wholemodule;
				SWIFT_OPTIMIZATION_LEVEL = "-O";
				VALIDATE_PRODUCT = YES;
			};
			name = Release;
		};
		9BC33088257CD466005278FD /* Debug */ = {
			isa = XCBuildConfiguration;
			buildSettings = {
				ASSETCATALOG_COMPILER_APPICON_NAME = AppIcon;
				ASSETCATALOG_COMPILER_GLOBAL_ACCENT_COLOR_NAME = AccentColor;
				CODE_SIGN_STYLE = Automatic;
				INFOPLIST_FILE = MovieChart/Info.plist;
				LD_RUNPATH_SEARCH_PATHS = (
					"$(inherited)",
					"@executable_path/Frameworks",
				);
				PRODUCT_BUNDLE_IDENTIFIER = io.github.jesterz91.MovieChart;
				PRODUCT_NAME = "$(TARGET_NAME)";
				SWIFT_VERSION = 5.0;
				TARGETED_DEVICE_FAMILY = 1;
			};
			name = Debug;
		};
		9BC33089257CD466005278FD /* Release */ = {
			isa = XCBuildConfiguration;
			buildSettings = {
				ASSETCATALOG_COMPILER_APPICON_NAME = AppIcon;
				ASSETCATALOG_COMPILER_GLOBAL_ACCENT_COLOR_NAME = AccentColor;
				CODE_SIGN_STYLE = Automatic;
				INFOPLIST_FILE = MovieChart/Info.plist;
				LD_RUNPATH_SEARCH_PATHS = (
					"$(inherited)",
					"@executable_path/Frameworks",
				);
				PRODUCT_BUNDLE_IDENTIFIER = io.github.jesterz91.MovieChart;
				PRODUCT_NAME = "$(TARGET_NAME)";
				SWIFT_VERSION = 5.0;
				TARGETED_DEVICE_FAMILY = 1;
			};
			name = Release;
		};
/* End XCBuildConfiguration section */

/* Begin XCConfigurationList section */
		9BC3306E257CD463005278FD /* Build configuration list for PBXProject "MovieChart" */ = {
			isa = XCConfigurationList;
			buildConfigurations = (
				9BC33085257CD466005278FD /* Debug */,
				9BC33086257CD466005278FD /* Release */,
			);
			defaultConfigurationIsVisible = 0;
			defaultConfigurationName = Release;
		};
		9BC33087257CD466005278FD /* Build configuration list for PBXNativeTarget "MovieChart" */ = {
			isa = XCConfigurationList;
			buildConfigurations = (
				9BC33088257CD466005278FD /* Debug */,
				9BC33089257CD466005278FD /* Release */,
			);
			defaultConfigurationIsVisible = 0;
			defaultConfigurationName = Release;
		};
/* End XCConfigurationList section */
	};
	rootObject = 9BC3306B257CD463005278FD /* Project object */;
}
