// !$*UTF8*$!
{
	archiveVersion = 1;
	classes = {
	};
	objectVersion = 50;
	objects = {

/* Begin PBXBuildFile section */
		9B42450525ADE5AE00A5F6B8 /* CSLogButton.swift in Sources */ = {isa = PBXBuildFile; fileRef = 9B42450425ADE5AE00A5F6B8 /* CSLogButton.swift */; };
		9B42450B25ADE82100A5F6B8 /* warning-icon-60@2x.png in Resources */ = {isa = PBXBuildFile; fileRef = 9B42450825ADE82100A5F6B8 /* warning-icon-60@2x.png */; };
		9B42450C25ADE82100A5F6B8 /* memo-background@2x.png in Resources */ = {isa = PBXBuildFile; fileRef = 9B42450925ADE82100A5F6B8 /* memo-background@2x.png */; };
		9B42450D25ADE82100A5F6B8 /* button-bg.png in Resources */ = {isa = PBXBuildFile; fileRef = 9B42450A25ADE82100A5F6B8 /* button-bg.png */; };
		9BD0ED0F25A368340003C736 /* AppDelegate.swift in Sources */ = {isa = PBXBuildFile; fileRef = 9BD0ED0E25A368340003C736 /* AppDelegate.swift */; };
		9BD0ED1125A368340003C736 /* SceneDelegate.swift in Sources */ = {isa = PBXBuildFile; fileRef = 9BD0ED1025A368340003C736 /* SceneDelegate.swift */; };
		9BD0ED1325A368340003C736 /* ViewController.swift in Sources */ = {isa = PBXBuildFile; fileRef = 9BD0ED1225A368340003C736 /* ViewController.swift */; };
		9BD0ED1625A368340003C736 /* Main.storyboard in Resources */ = {isa = PBXBuildFile; fileRef = 9BD0ED1425A368340003C736 /* Main.storyboard */; };
		9BD0ED1925A368340003C736 /* Memo.xcdatamodeld in Sources */ = {isa = PBXBuildFile; fileRef = 9BD0ED1725A368340003C736 /* Memo.xcdatamodeld */; };
		9BD0ED1B25A368350003C736 /* Assets.xcassets in Resources */ = {isa = PBXBuildFile; fileRef = 9BD0ED1A25A368350003C736 /* Assets.xcassets */; };
		9BD0ED1E25A368350003C736 /* LaunchScreen.storyboard in Resources */ = {isa = PBXBuildFile; fileRef = 9BD0ED1C25A368350003C736 /* LaunchScreen.storyboard */; };
		9BD0ED2825A377D80003C736 /* MemoListVC.swift in Sources */ = {isa = PBXBuildFile; fileRef = 9BD0ED2725A377D80003C736 /* MemoListVC.swift */; };
		9BD0ED2B25A377F10003C736 /* MemoFormVC.swift in Sources */ = {isa = PBXBuildFile; fileRef = 9BD0ED2A25A377F10003C736 /* MemoFormVC.swift */; };
		9BD0ED2E25A378070003C736 /* MemoReadVC.swift in Sources */ = {isa = PBXBuildFile; fileRef = 9BD0ED2D25A378070003C736 /* MemoReadVC.swift */; };
		9BD0ED3125A378760003C736 /* MemoCell.swift in Sources */ = {isa = PBXBuildFile; fileRef = 9BD0ED3025A378760003C736 /* MemoCell.swift */; };
		9BD0ED3425A378E00003C736 /* MemoData.swift in Sources */ = {isa = PBXBuildFile; fileRef = 9BD0ED3325A378E00003C736 /* MemoData.swift */; };
/* End PBXBuildFile section */

/* Begin PBXFileReference section */
		9B42450425ADE5AE00A5F6B8 /* CSLogButton.swift */ = {isa = PBXFileReference; lastKnownFileType = sourcecode.swift; path = CSLogButton.swift; sourceTree = "<group>"; };
		9B42450825ADE82100A5F6B8 /* warning-icon-60@2x.png */ = {isa = PBXFileReference; lastKnownFileType = image.png; path = "warning-icon-60@2x.png"; sourceTree = "<group>"; };
		9B42450925ADE82100A5F6B8 /* memo-background@2x.png */ = {isa = PBXFileReference; lastKnownFileType = image.png; path = "memo-background@2x.png"; sourceTree = "<group>"; };
		9B42450A25ADE82100A5F6B8 /* button-bg.png */ = {isa = PBXFileReference; lastKnownFileType = image.png; path = "button-bg.png"; sourceTree = "<group>"; };
		9BD0ED0B25A368340003C736 /* Memo.app */ = {isa = PBXFileReference; explicitFileType = wrapper.application; includeInIndex = 0; path = Memo.app; sourceTree = BUILT_PRODUCTS_DIR; };
		9BD0ED0E25A368340003C736 /* AppDelegate.swift */ = {isa = PBXFileReference; lastKnownFileType = sourcecode.swift; path = AppDelegate.swift; sourceTree = "<group>"; };
		9BD0ED1025A368340003C736 /* SceneDelegate.swift */ = {isa = PBXFileReference; lastKnownFileType = sourcecode.swift; path = SceneDelegate.swift; sourceTree = "<group>"; };
		9BD0ED1225A368340003C736 /* ViewController.swift */ = {isa = PBXFileReference; lastKnownFileType = sourcecode.swift; path = ViewController.swift; sourceTree = "<group>"; };
		9BD0ED1525A368340003C736 /* Base */ = {isa = PBXFileReference; lastKnownFileType = file.storyboard; name = Base; path = Base.lproj/Main.storyboard; sourceTree = "<group>"; };
		9BD0ED1825A368340003C736 /* Memo.xcdatamodel */ = {isa = PBXFileReference; lastKnownFileType = wrapper.xcdatamodel; path = Memo.xcdatamodel; sourceTree = "<group>"; };
		9BD0ED1A25A368350003C736 /* Assets.xcassets */ = {isa = PBXFileReference; lastKnownFileType = folder.assetcatalog; path = Assets.xcassets; sourceTree = "<group>"; };
		9BD0ED1D25A368350003C736 /* Base */ = {isa = PBXFileReference; lastKnownFileType = file.storyboard; name = Base; path = Base.lproj/LaunchScreen.storyboard; sourceTree = "<group>"; };
		9BD0ED1F25A368350003C736 /* Info.plist */ = {isa = PBXFileReference; lastKnownFileType = text.plist.xml; path = Info.plist; sourceTree = "<group>"; };
		9BD0ED2725A377D80003C736 /* MemoListVC.swift */ = {isa = PBXFileReference; lastKnownFileType = sourcecode.swift; path = MemoListVC.swift; sourceTree = "<group>"; };
		9BD0ED2A25A377F10003C736 /* MemoFormVC.swift */ = {isa = PBXFileReference; lastKnownFileType = sourcecode.swift; path = MemoFormVC.swift; sourceTree = "<group>"; };
		9BD0ED2D25A378070003C736 /* MemoReadVC.swift */ = {isa = PBXFileReference; lastKnownFileType = sourcecode.swift; path = MemoReadVC.swift; sourceTree = "<group>"; };
		9BD0ED3025A378760003C736 /* MemoCell.swift */ = {isa = PBXFileReference; lastKnownFileType = sourcecode.swift; path = MemoCell.swift; sourceTree = "<group>"; };
		9BD0ED3325A378E00003C736 /* MemoData.swift */ = {isa = PBXFileReference; lastKnownFileType = sourcecode.swift; path = MemoData.swift; sourceTree = "<group>"; };
/* End PBXFileReference section */

/* Begin PBXFrameworksBuildPhase section */
		9BD0ED0825A368340003C736 /* Frameworks */ = {
			isa = PBXFrameworksBuildPhase;
			buildActionMask = 2147483647;
			files = (
			);
			runOnlyForDeploymentPostprocessing = 0;
		};
/* End PBXFrameworksBuildPhase section */

/* Begin PBXGroup section */
		9B42450725ADE82100A5F6B8 /* Resources */ = {
			isa = PBXGroup;
			children = (
				9B42450825ADE82100A5F6B8 /* warning-icon-60@2x.png */,
				9B42450925ADE82100A5F6B8 /* memo-background@2x.png */,
				9B42450A25ADE82100A5F6B8 /* button-bg.png */,
			);
			path = Resources;
			sourceTree = "<group>";
		};
		9BD0ED0225A368340003C736 = {
			isa = PBXGroup;
			children = (
				9B42450725ADE82100A5F6B8 /* Resources */,
				9BD0ED0D25A368340003C736 /* Memo */,
				9BD0ED0C25A368340003C736 /* Products */,
			);
			sourceTree = "<group>";
		};
		9BD0ED0C25A368340003C736 /* Products */ = {
			isa = PBXGroup;
			children = (
				9BD0ED0B25A368340003C736 /* Memo.app */,
			);
			name = Products;
			sourceTree = "<group>";
		};
		9BD0ED0D25A368340003C736 /* Memo */ = {
			isa = PBXGroup;
			children = (
				9BD0ED0E25A368340003C736 /* AppDelegate.swift */,
				9BD0ED1025A368340003C736 /* SceneDelegate.swift */,
				9BD0ED1225A368340003C736 /* ViewController.swift */,
				9BD0ED1425A368340003C736 /* Main.storyboard */,
				9BD0ED1A25A368350003C736 /* Assets.xcassets */,
				9BD0ED1C25A368350003C736 /* LaunchScreen.storyboard */,
				9BD0ED1F25A368350003C736 /* Info.plist */,
				9BD0ED1725A368340003C736 /* Memo.xcdatamodeld */,
				9BD0ED2725A377D80003C736 /* MemoListVC.swift */,
				9BD0ED2A25A377F10003C736 /* MemoFormVC.swift */,
				9BD0ED2D25A378070003C736 /* MemoReadVC.swift */,
				9B42450425ADE5AE00A5F6B8 /* CSLogButton.swift */,
				9BD0ED3025A378760003C736 /* MemoCell.swift */,
				9BD0ED3325A378E00003C736 /* MemoData.swift */,
			);
			path = Memo;
			sourceTree = "<group>";
		};
/* End PBXGroup section */

/* Begin PBXNativeTarget section */
		9BD0ED0A25A368340003C736 /* Memo */ = {
			isa = PBXNativeTarget;
			buildConfigurationList = 9BD0ED2225A368350003C736 /* Build configuration list for PBXNativeTarget "Memo" */;
			buildPhases = (
				9BD0ED0725A368340003C736 /* Sources */,
				9BD0ED0825A368340003C736 /* Frameworks */,
				9BD0ED0925A368340003C736 /* Resources */,
			);
			buildRules = (
			);
			dependencies = (
			);
			name = Memo;
			productName = Memo;
			productReference = 9BD0ED0B25A368340003C736 /* Memo.app */;
			productType = "com.apple.product-type.application";
		};
/* End PBXNativeTarget section */

/* Begin PBXProject section */
		9BD0ED0325A368340003C736 /* Project object */ = {
			isa = PBXProject;
			attributes = {
				LastSwiftUpdateCheck = 1230;
				LastUpgradeCheck = 1230;
				TargetAttributes = {
					9BD0ED0A25A368340003C736 = {
						CreatedOnToolsVersion = 12.3;
					};
				};
			};
			buildConfigurationList = 9BD0ED0625A368340003C736 /* Build configuration list for PBXProject "Memo" */;
			compatibilityVersion = "Xcode 9.3";
			developmentRegion = en;
			hasScannedForEncodings = 0;
			knownRegions = (
				en,
				Base,
			);
			mainGroup = 9BD0ED0225A368340003C736;
			productRefGroup = 9BD0ED0C25A368340003C736 /* Products */;
			projectDirPath = "";
			projectRoot = "";
			targets = (
				9BD0ED0A25A368340003C736 /* Memo */,
			);
		};
/* End PBXProject section */

/* Begin PBXResourcesBuildPhase section */
		9BD0ED0925A368340003C736 /* Resources */ = {
			isa = PBXResourcesBuildPhase;
			buildActionMask = 2147483647;
			files = (
				9B42450C25ADE82100A5F6B8 /* memo-background@2x.png in Resources */,
				9BD0ED1E25A368350003C736 /* LaunchScreen.storyboard in Resources */,
				9BD0ED1B25A368350003C736 /* Assets.xcassets in Resources */,
				9B42450B25ADE82100A5F6B8 /* warning-icon-60@2x.png in Resources */,
				9B42450D25ADE82100A5F6B8 /* button-bg.png in Resources */,
				9BD0ED1625A368340003C736 /* Main.storyboard in Resources */,
			);
			runOnlyForDeploymentPostprocessing = 0;
		};
/* End PBXResourcesBuildPhase section */

/* Begin PBXSourcesBuildPhase section */
		9BD0ED0725A368340003C736 /* Sources */ = {
			isa = PBXSourcesBuildPhase;
			buildActionMask = 2147483647;
			files = (
				9BD0ED1325A368340003C736 /* ViewController.swift in Sources */,
				9BD0ED2825A377D80003C736 /* MemoListVC.swift in Sources */,
				9BD0ED2B25A377F10003C736 /* MemoFormVC.swift in Sources */,
				9BD0ED0F25A368340003C736 /* AppDelegate.swift in Sources */,
				9BD0ED1125A368340003C736 /* SceneDelegate.swift in Sources */,
				9BD0ED1925A368340003C736 /* Memo.xcdatamodeld in Sources */,
				9B42450525ADE5AE00A5F6B8 /* CSLogButton.swift in Sources */,
				9BD0ED3425A378E00003C736 /* MemoData.swift in Sources */,
				9BD0ED2E25A378070003C736 /* MemoReadVC.swift in Sources */,
				9BD0ED3125A378760003C736 /* MemoCell.swift in Sources */,
			);
			runOnlyForDeploymentPostprocessing = 0;
		};
/* End PBXSourcesBuildPhase section */

/* Begin PBXVariantGroup section */
		9BD0ED1425A368340003C736 /* Main.storyboard */ = {
			isa = PBXVariantGroup;
			children = (
				9BD0ED1525A368340003C736 /* Base */,
			);
			name = Main.storyboard;
			sourceTree = "<group>";
		};
		9BD0ED1C25A368350003C736 /* LaunchScreen.storyboard */ = {
			isa = PBXVariantGroup;
			children = (
				9BD0ED1D25A368350003C736 /* Base */,
			);
			name = LaunchScreen.storyboard;
			sourceTree = "<group>";
		};
/* End PBXVariantGroup section */

/* Begin XCBuildConfiguration section */
		9BD0ED2025A368350003C736 /* Debug */ = {
			isa = XCBuildConfiguration;
			buildSettings = {
				ALWAYS_SEARCH_USER_PATHS = NO;
				CLANG_ANALYZER_NONNULL = YES;
				CLANG_ANALYZER_NUMBER_OBJECT_CONVERSION = YES_AGGRESSIVE;
				CLANG_CXX_LANGUAGE_STANDARD = "gnu++14";
				CLANG_CXX_LIBRARY = "libc++";
				CLANG_ENABLE_MODULES = YES;
				CLANG_ENABLE_OBJC_ARC = YES;
				CLANG_ENABLE_OBJC_WEAK = YES;
				CLANG_WARN_BLOCK_CAPTURE_AUTORELEASING = YES;
				CLANG_WARN_BOOL_CONVERSION = YES;
				CLANG_WARN_COMMA = YES;
				CLANG_WARN_CONSTANT_CONVERSION = YES;
				CLANG_WARN_DEPRECATED_OBJC_IMPLEMENTATIONS = YES;
				CLANG_WARN_DIRECT_OBJC_ISA_USAGE = YES_ERROR;
				CLANG_WARN_DOCUMENTATION_COMMENTS = YES;
				CLANG_WARN_EMPTY_BODY = YES;
				CLANG_WARN_ENUM_CONVERSION = YES;
				CLANG_WARN_INFINITE_RECURSION = YES;
				CLANG_WARN_INT_CONVERSION = YES;
				CLANG_WARN_NON_LITERAL_NULL_CONVERSION = YES;
				CLANG_WARN_OBJC_IMPLICIT_RETAIN_SELF = YES;
				CLANG_WARN_OBJC_LITERAL_CONVERSION = YES;
				CLANG_WARN_OBJC_ROOT_CLASS = YES_ERROR;
				CLANG_WARN_QUOTED_INCLUDE_IN_FRAMEWORK_HEADER = YES;
				CLANG_WARN_RANGE_LOOP_ANALYSIS = YES;
				CLANG_WARN_STRICT_PROTOTYPES = YES;
				CLANG_WARN_SUSPICIOUS_MOVE = YES;
				CLANG_WARN_UNGUARDED_AVAILABILITY = YES_AGGRESSIVE;
				CLANG_WARN_UNREACHABLE_CODE = YES;
				CLANG_WARN__DUPLICATE_METHOD_MATCH = YES;
				COPY_PHASE_STRIP = NO;
				DEBUG_INFORMATION_FORMAT = dwarf;
				ENABLE_STRICT_OBJC_MSGSEND = YES;
				ENABLE_TESTABILITY = YES;
				GCC_C_LANGUAGE_STANDARD = gnu11;
				GCC_DYNAMIC_NO_PIC = NO;
				GCC_NO_COMMON_BLOCKS = YES;
				GCC_OPTIMIZATION_LEVEL = 0;
				GCC_PREPROCESSOR_DEFINITIONS = (
					"DEBUG=1",
					"$(inherited)",
				);
				GCC_WARN_64_TO_32_BIT_CONVERSION = YES;
				GCC_WARN_ABOUT_RETURN_TYPE = YES_ERROR;
				GCC_WARN_UNDECLARED_SELECTOR = YES;
				GCC_WARN_UNINITIALIZED_AUTOS = YES_AGGRESSIVE;
				GCC_WARN_UNUSED_FUNCTION = YES;
				GCC_WARN_UNUSED_VARIABLE = YES;
				IPHONEOS_DEPLOYMENT_TARGET = 14.3;
				MTL_ENABLE_DEBUG_INFO = INCLUDE_SOURCE;
				MTL_FAST_MATH = YES;
				ONLY_ACTIVE_ARCH = YES;
				SDKROOT = iphoneos;
				SWIFT_ACTIVE_COMPILATION_CONDITIONS = DEBUG;
				SWIFT_OPTIMIZATION_LEVEL = "-Onone";
			};
			name = Debug;
		};
		9BD0ED2125A368350003C736 /* Release */ = {
			isa = XCBuildConfiguration;
			buildSettings = {
				ALWAYS_SEARCH_USER_PATHS = NO;
				CLANG_ANALYZER_NONNULL = YES;
				CLANG_ANALYZER_NUMBER_OBJECT_CONVERSION = YES_AGGRESSIVE;
				CLANG_CXX_LANGUAGE_STANDARD = "gnu++14";
				CLANG_CXX_LIBRARY = "libc++";
				CLANG_ENABLE_MODULES = YES;
				CLANG_ENABLE_OBJC_ARC = YES;
				CLANG_ENABLE_OBJC_WEAK = YES;
				CLANG_WARN_BLOCK_CAPTURE_AUTORELEASING = YES;
				CLANG_WARN_BOOL_CONVERSION = YES;
				CLANG_WARN_COMMA = YES;
				CLANG_WARN_CONSTANT_CONVERSION = YES;
				CLANG_WARN_DEPRECATED_OBJC_IMPLEMENTATIONS = YES;
				CLANG_WARN_DIRECT_OBJC_ISA_USAGE = YES_ERROR;
				CLANG_WARN_DOCUMENTATION_COMMENTS = YES;
				CLANG_WARN_EMPTY_BODY = YES;
				CLANG_WARN_ENUM_CONVERSION = YES;
				CLANG_WARN_INFINITE_RECURSION = YES;
				CLANG_WARN_INT_CONVERSION = YES;
				CLANG_WARN_NON_LITERAL_NULL_CONVERSION = YES;
				CLANG_WARN_OBJC_IMPLICIT_RETAIN_SELF = YES;
				CLANG_WARN_OBJC_LITERAL_CONVERSION = YES;
				CLANG_WARN_OBJC_ROOT_CLASS = YES_ERROR;
				CLANG_WARN_QUOTED_INCLUDE_IN_FRAMEWORK_HEADER = YES;
				CLANG_WARN_RANGE_LOOP_ANALYSIS = YES;
				CLANG_WARN_STRICT_PROTOTYPES = YES;
				CLANG_WARN_SUSPICIOUS_MOVE = YES;
				CLANG_WARN_UNGUARDED_AVAILABILITY = YES_AGGRESSIVE;
				CLANG_WARN_UNREACHABLE_CODE = YES;
				CLANG_WARN__DUPLICATE_METHOD_MATCH = YES;
				COPY_PHASE_STRIP = NO;
				DEBUG_INFORMATION_FORMAT = "dwarf-with-dsym";
				ENABLE_NS_ASSERTIONS = NO;
				ENABLE_STRICT_OBJC_MSGSEND = YES;
				GCC_C_LANGUAGE_STANDARD = gnu11;
				GCC_NO_COMMON_BLOCKS = YES;
				GCC_WARN_64_TO_32_BIT_CONVERSION = YES;
				GCC_WARN_ABOUT_RETURN_TYPE = YES_ERROR;
				GCC_WARN_UNDECLARED_SELECTOR = YES;
				GCC_WARN_UNINITIALIZED_AUTOS = YES_AGGRESSIVE;
				GCC_WARN_UNUSED_FUNCTION = YES;
				GCC_WARN_UNUSED_VARIABLE = YES;
				IPHONEOS_DEPLOYMENT_TARGET = 14.3;
				MTL_ENABLE_DEBUG_INFO = NO;
				MTL_FAST_MATH = YES;
				SDKROOT = iphoneos;
				SWIFT_COMPILATION_MODE = wholemodule;
				SWIFT_OPTIMIZATION_LEVEL = "-O";
				VALIDATE_PRODUCT = YES;
			};
			name = Release;
		};
		9BD0ED2325A368350003C736 /* Debug */ = {
			isa = XCBuildConfiguration;
			buildSettings = {
				ASSETCATALOG_COMPILER_APPICON_NAME = AppIcon;
				ASSETCATALOG_COMPILER_GLOBAL_ACCENT_COLOR_NAME = AccentColor;
				CODE_SIGN_STYLE = Automatic;
				INFOPLIST_FILE = Memo/Info.plist;
				LD_RUNPATH_SEARCH_PATHS = (
					"$(inherited)",
					"@executable_path/Frameworks",
				);
				PRODUCT_BUNDLE_IDENTIFIER = io.github.jesterz91.Memo;
				PRODUCT_NAME = "$(TARGET_NAME)";
				SWIFT_VERSION = 5.0;
				TARGETED_DEVICE_FAMILY = 1;
			};
			name = Debug;
		};
		9BD0ED2425A368350003C736 /* Release */ = {
			isa = XCBuildConfiguration;
			buildSettings = {
				ASSETCATALOG_COMPILER_APPICON_NAME = AppIcon;
				ASSETCATALOG_COMPILER_GLOBAL_ACCENT_COLOR_NAME = AccentColor;
				CODE_SIGN_STYLE = Automatic;
				INFOPLIST_FILE = Memo/Info.plist;
				LD_RUNPATH_SEARCH_PATHS = (
					"$(inherited)",
					"@executable_path/Frameworks",
				);
				PRODUCT_BUNDLE_IDENTIFIER = io.github.jesterz91.Memo;
				PRODUCT_NAME = "$(TARGET_NAME)";
				SWIFT_VERSION = 5.0;
				TARGETED_DEVICE_FAMILY = 1;
			};
			name = Release;
		};
/* End XCBuildConfiguration section */

/* Begin XCConfigurationList section */
		9BD0ED0625A368340003C736 /* Build configuration list for PBXProject "Memo" */ = {
			isa = XCConfigurationList;
			buildConfigurations = (
				9BD0ED2025A368350003C736 /* Debug */,
				9BD0ED2125A368350003C736 /* Release */,
			);
			defaultConfigurationIsVisible = 0;
			defaultConfigurationName = Release;
		};
		9BD0ED2225A368350003C736 /* Build configuration list for PBXNativeTarget "Memo" */ = {
			isa = XCConfigurationList;
			buildConfigurations = (
				9BD0ED2325A368350003C736 /* Debug */,
				9BD0ED2425A368350003C736 /* Release */,
			);
			defaultConfigurationIsVisible = 0;
			defaultConfigurationName = Release;
		};
/* End XCConfigurationList section */

/* Begin XCVersionGroup section */
		9BD0ED1725A368340003C736 /* Memo.xcdatamodeld */ = {
			isa = XCVersionGroup;
			children = (
				9BD0ED1825A368340003C736 /* Memo.xcdatamodel */,
			);
			currentVersion = 9BD0ED1825A368340003C736 /* Memo.xcdatamodel */;
			path = Memo.xcdatamodeld;
			sourceTree = "<group>";
			versionGroupType = wrapper.xcdatamodel;
		};
/* End XCVersionGroup section */
	};
	rootObject = 9BD0ED0325A368340003C736 /* Project object */;
}
